Microsoft Visual Studio Solution File, Format Version 12.00
# Visual Studio 2012
Project("{FAE04EC0-301F-11D3-BF4B-00C04F79EFBC}") = "The NAVI project", "The NAVI project.csproj", "{4ED96B23-D75C-4B4A-B3FE-A4D3CB686169}"
EndProject
Global
	GlobalSection(SolutionConfigurationPlatforms) = preSolution
	Debug|Any CPU = Debug|Any CPU
	ExportDebug|Any CPU = ExportDebug|Any CPU
	ExportRelease|Any CPU = ExportRelease|Any CPU
	EndGlobalSection
	GlobalSection(ProjectConfigurationPlatforms) = postSolution
		{4ED96B23-D75C-4B4A-B3FE-A4D3CB686169}.Debug|Any CPU.ActiveCfg = Debug|Any CPU
		{4ED96B23-D75C-4B4A-B3FE-A4D3CB686169}.Debug|Any CPU.Build.0 = Debug|Any CPU
		{4ED96B23-D75C-4B4A-B3FE-A4D3CB686169}.ExportDebug|Any CPU.ActiveCfg = ExportDebug|Any CPU
		{4ED96B23-D75C-4B4A-B3FE-A4D3CB686169}.ExportDebug|Any CPU.Build.0 = ExportDebug|Any CPU
		{4ED96B23-D75C-4B4A-B3FE-A4D3CB686169}.ExportRelease|Any CPU.ActiveCfg = ExportRelease|Any CPU
		{4ED96B23-D75C-4B4A-B3FE-A4D3CB686169}.ExportRelease|Any CPU.Build.0 = ExportRelease|Any CPU
	EndGlobalSection
EndGlobal
